
Microsoft Visual Studio Solution File, Format Version 12.00
# Visual Studio Version 16
VisualStudioVersion = 16.0.30717.126
MinimumVisualStudioVersion = 10.0.40219.1
Project("{9A19103F-16F7-4668-BE54-9A1E7A4F7556}") = "WebAPI", "WebAPI\WebAPI.csproj", "{5F6BB774-943C-4A08-9AB8-943C301D2726}"
EndProject
Project("{9A19103F-16F7-4668-BE54-9A1E7A4F7556}") = "DataLayerEF", "DataLayer\DataLayerEF\DataLayerEF.csproj", "{E7A81AA3-01EF-4551-89AD-326A0E44D85F}"
EndProject
Project("{9A19103F-16F7-4668-BE54-9A1E7A4F7556}") = "Infrastructure", "Infrastructure\Infrastructure.csproj", "{99022D77-C36E-4555-8F3C-2AE2297EE764}"
EndProject
Project("{FAE04EC0-301F-11D3-BF4B-00C04F79EFBC}") = "Core", "Core\Core.csproj", "{DFF9DE27-DBFF-4D47-998D-CDEDBE4272B3}"
EndProject
Project("{FAE04EC0-301F-11D3-BF4B-00C04F79EFBC}") = "Domain", "Domain\Domain.csproj", "{F71DDEC0-5553-4B8E-913A-0A0152A679E7}"
EndProject
Global
	GlobalSection(SolutionConfigurationPlatforms) = preSolution
		Debug|Any CPU = Debug|Any CPU
		Release|Any CPU = Release|Any CPU
	EndGlobalSection
	GlobalSection(ProjectConfigurationPlatforms) = postSolution
		{5F6BB774-943C-4A08-9AB8-943C301D2726}.Debug|Any CPU.ActiveCfg = Debug|Any CPU
		{5F6BB774-943C-4A08-9AB8-943C301D2726}.Debug|Any CPU.Build.0 = Debug|Any CPU
		{5F6BB774-943C-4A08-9AB8-943C301D2726}.Release|Any CPU.ActiveCfg = Release|Any CPU
		{5F6BB774-943C-4A08-9AB8-943C301D2726}.Release|Any CPU.Build.0 = Release|Any CPU
		{E7A81AA3-01EF-4551-89AD-326A0E44D85F}.Debug|Any CPU.ActiveCfg = Debug|Any CPU
		{E7A81AA3-01EF-4551-89AD-326A0E44D85F}.Debug|Any CPU.Build.0 = Debug|Any CPU
		{E7A81AA3-01EF-4551-89AD-326A0E44D85F}.Release|Any CPU.ActiveCfg = Release|Any CPU
		{E7A81AA3-01EF-4551-89AD-326A0E44D85F}.Release|Any CPU.Build.0 = Release|Any CPU
		{99022D77-C36E-4555-8F3C-2AE2297EE764}.Debug|Any CPU.ActiveCfg = Debug|Any CPU
		{99022D77-C36E-4555-8F3C-2AE2297EE764}.Debug|Any CPU.Build.0 = Debug|Any CPU
		{99022D77-C36E-4555-8F3C-2AE2297EE764}.Release|Any CPU.ActiveCfg = Release|Any CPU
		{99022D77-C36E-4555-8F3C-2AE2297EE764}.Release|Any CPU.Build.0 = Release|Any CPU
		{DFF9DE27-DBFF-4D47-998D-CDEDBE4272B3}.Debug|Any CPU.ActiveCfg = Debug|Any CPU
		{DFF9DE27-DBFF-4D47-998D-CDEDBE4272B3}.Debug|Any CPU.Build.0 = Debug|Any CPU
		{DFF9DE27-DBFF-4D47-998D-CDEDBE4272B3}.Release|Any CPU.ActiveCfg = Release|Any CPU
		{DFF9DE27-DBFF-4D47-998D-CDEDBE4272B3}.Release|Any CPU.Build.0 = Release|Any CPU
		{F71DDEC0-5553-4B8E-913A-0A0152A679E7}.Debug|Any CPU.ActiveCfg = Debug|Any CPU
		{F71DDEC0-5553-4B8E-913A-0A0152A679E7}.Debug|Any CPU.Build.0 = Debug|Any CPU
		{F71DDEC0-5553-4B8E-913A-0A0152A679E7}.Release|Any CPU.ActiveCfg = Release|Any CPU
		{F71DDEC0-5553-4B8E-913A-0A0152A679E7}.Release|Any CPU.Build.0 = Release|Any CPU
	EndGlobalSection
	GlobalSection(SolutionProperties) = preSolution
		HideSolutionNode = FALSE
	EndGlobalSection
	GlobalSection(ExtensibilityGlobals) = postSolution
		SolutionGuid = {D9BDD2F6-879E-4462-BCFC-3551098105A8}
	EndGlobalSection
EndGlobal
